
Microsoft Visual Studio Solution File, Format Version 12.00
# Visual Studio Version 17
VisualStudioVersion = 17.7.34024.191
MinimumVisualStudioVersion = 10.0.40219.1
Project("{FAE04EC0-301F-11D3-BF4B-00C04F79EFBC}") = "QueueProject", "QueueProject\QueueProject.csproj", "{5A4E062B-F493-488F-8A92-5EF46F5853FE}"
EndProject
Global
	GlobalSection(SolutionConfigurationPlatforms) = preSolution
		Debug|Any CPU = Debug|Any CPU
		Release|Any CPU = Release|Any CPU
	EndGlobalSection
	GlobalSection(ProjectConfigurationPlatforms) = postSolution
		{5A4E062B-F493-488F-8A92-5EF46F5853FE}.Debug|Any CPU.ActiveCfg = Debug|Any CPU
		{5A4E062B-F493-488F-8A92-5EF46F5853FE}.Debug|Any CPU.Build.0 = Debug|Any CPU
		{5A4E062B-F493-488F-8A92-5EF46F5853FE}.Release|Any CPU.ActiveCfg = Release|Any CPU
		{5A4E062B-F493-488F-8A92-5EF46F5853FE}.Release|Any CPU.Build.0 = Release|Any CPU
	EndGlobalSection
	GlobalSection(SolutionProperties) = preSolution
		HideSolutionNode = FALSE
	EndGlobalSection
	GlobalSection(ExtensibilityGlobals) = postSolution
		SolutionGuid = {EA7ACA61-2EF5-4306-B226-D9916A9F01D9}
	EndGlobalSection
EndGlobal
